
Microsoft Visual Studio Solution File, Format Version 12.00
# Visual Studio Version 17
VisualStudioVersion = 17.8.34309.116
MinimumVisualStudioVersion = 10.0.40219.1
Project("{FAE04EC0-301F-11D3-BF4B-00C04F79EFBC}") = "LearningManagement", "LearningManagement.csproj", "{8E1EBA36-75ED-4E65-B4EC-1EDC3243077E}"
EndProject
Global
	GlobalSection(SolutionConfigurationPlatforms) = preSolution
		Debug|Any CPU = Debug|Any CPU
		Release|Any CPU = Release|Any CPU
	EndGlobalSection
	GlobalSection(ProjectConfigurationPlatforms) = postSolution
		{8E1EBA36-75ED-4E65-B4EC-1EDC3243077E}.Debug|Any CPU.ActiveCfg = Debug|Any CPU
		{8E1EBA36-75ED-4E65-B4EC-1EDC3243077E}.Debug|Any CPU.Build.0 = Debug|Any CPU
		{8E1EBA36-75ED-4E65-B4EC-1EDC3243077E}.Release|Any CPU.ActiveCfg = Release|Any CPU
		{8E1EBA36-75ED-4E65-B4EC-1EDC3243077E}.Release|Any CPU.Build.0 = Release|Any CPU
	EndGlobalSection
	GlobalSection(SolutionProperties) = preSolution
		HideSolutionNode = FALSE
	EndGlobalSection
	GlobalSection(ExtensibilityGlobals) = postSolution
		SolutionGuid = {55150ED5-C893-4B58-9883-3DBA8660629C}
	EndGlobalSection
EndGlobal
